
Microsoft Visual Studio Solution File, Format Version 12.00
# Visual Studio 15
VisualStudioVersion = 15.0.28307.168
MinimumVisualStudioVersion = 10.0.40219.1
Project("{9A19103F-16F7-4668-BE54-9A1E7A4F7556}") = "ChkLst.Core", "ChkLst.Core\ChkLst.Core.csproj", "{3148822D-F6CE-47BC-A88A-4355A9089F93}"
EndProject
Project("{FAE04EC0-301F-11D3-BF4B-00C04F79EFBC}") = "ChkLst.Core.Tests", "ChkLst.Core.Tests\ChkLst.Core.Tests.csproj", "{9A3875BD-0551-4085-B893-AC24224367E5}"
EndProject
Project("{FAE04EC0-301F-11D3-BF4B-00C04F79EFBC}") = "ChkLst.WF", "ChkLst.WF\ChkLst.WF.csproj", "{5171E8C4-A52F-4C6B-9730-BA075A715FB9}"
EndProject
Project("{9A19103F-16F7-4668-BE54-9A1E7A4F7556}") = "ICSharpCode.TreeView", "SharpTreeView\ICSharpCode.TreeView.csproj", "{CCFFD25B-854F-4E46-9907-6FC697A7F78F}"
EndProject
Project("{FAE04EC0-301F-11D3-BF4B-00C04F79EFBC}") = "ChkLst.WPF", "ChkLst.WPF\ChkLst.WPF.csproj", "{71A3144A-6143-42D0-A1B4-FA33B275A04F}"
EndProject
Project("{FAE04EC0-301F-11D3-BF4B-00C04F79EFBC}") = "ChkLst.WPF.VS", "ChkLst.WPF.VS\ChkLst.WPF.VS.csproj", "{B8CCDB22-B713-4244-9995-F987B8B96892}"
EndProject
Project("{FAE04EC0-301F-11D3-BF4B-00C04F79EFBC}") = "ChkLst.WF.VS", "ChkLst.WF.VS\ChkLst.WF.VS.csproj", "{48F8EF13-FD97-49BC-B40E-7B3DAAD2E9FC}"
EndProject
Global
	GlobalSection(SolutionConfigurationPlatforms) = preSolution
		Debug|Any CPU = Debug|Any CPU
		Release|Any CPU = Release|Any CPU
	EndGlobalSection
	GlobalSection(ProjectConfigurationPlatforms) = postSolution
		{3148822D-F6CE-47BC-A88A-4355A9089F93}.Debug|Any CPU.ActiveCfg = Debug|Any CPU
		{3148822D-F6CE-47BC-A88A-4355A9089F93}.Debug|Any CPU.Build.0 = Debug|Any CPU
		{3148822D-F6CE-47BC-A88A-4355A9089F93}.Release|Any CPU.ActiveCfg = Release|Any CPU
		{3148822D-F6CE-47BC-A88A-4355A9089F93}.Release|Any CPU.Build.0 = Release|Any CPU
		{9A3875BD-0551-4085-B893-AC24224367E5}.Debug|Any CPU.ActiveCfg = Debug|Any CPU
		{9A3875BD-0551-4085-B893-AC24224367E5}.Debug|Any CPU.Build.0 = Debug|Any CPU
		{9A3875BD-0551-4085-B893-AC24224367E5}.Release|Any CPU.ActiveCfg = Release|Any CPU
		{9A3875BD-0551-4085-B893-AC24224367E5}.Release|Any CPU.Build.0 = Release|Any CPU
		{5171E8C4-A52F-4C6B-9730-BA075A715FB9}.Debug|Any CPU.ActiveCfg = Debug|Any CPU
		{5171E8C4-A52F-4C6B-9730-BA075A715FB9}.Debug|Any CPU.Build.0 = Debug|Any CPU
		{5171E8C4-A52F-4C6B-9730-BA075A715FB9}.Release|Any CPU.ActiveCfg = Release|Any CPU
		{5171E8C4-A52F-4C6B-9730-BA075A715FB9}.Release|Any CPU.Build.0 = Release|Any CPU
		{CCFFD25B-854F-4E46-9907-6FC697A7F78F}.Debug|Any CPU.ActiveCfg = Debug|Any CPU
		{CCFFD25B-854F-4E46-9907-6FC697A7F78F}.Debug|Any CPU.Build.0 = Debug|Any CPU
		{CCFFD25B-854F-4E46-9907-6FC697A7F78F}.Release|Any CPU.ActiveCfg = Release|Any CPU
		{CCFFD25B-854F-4E46-9907-6FC697A7F78F}.Release|Any CPU.Build.0 = Release|Any CPU
		{71A3144A-6143-42D0-A1B4-FA33B275A04F}.Debug|Any CPU.ActiveCfg = Debug|Any CPU
		{71A3144A-6143-42D0-A1B4-FA33B275A04F}.Debug|Any CPU.Build.0 = Debug|Any CPU
		{71A3144A-6143-42D0-A1B4-FA33B275A04F}.Release|Any CPU.ActiveCfg = Release|Any CPU
		{71A3144A-6143-42D0-A1B4-FA33B275A04F}.Release|Any CPU.Build.0 = Release|Any CPU
		{B8CCDB22-B713-4244-9995-F987B8B96892}.Debug|Any CPU.ActiveCfg = Debug|Any CPU
		{B8CCDB22-B713-4244-9995-F987B8B96892}.Debug|Any CPU.Build.0 = Debug|Any CPU
		{B8CCDB22-B713-4244-9995-F987B8B96892}.Release|Any CPU.ActiveCfg = Release|Any CPU
		{B8CCDB22-B713-4244-9995-F987B8B96892}.Release|Any CPU.Build.0 = Release|Any CPU
		{48F8EF13-FD97-49BC-B40E-7B3DAAD2E9FC}.Debug|Any CPU.ActiveCfg = Debug|Any CPU
		{48F8EF13-FD97-49BC-B40E-7B3DAAD2E9FC}.Debug|Any CPU.Build.0 = Debug|Any CPU
		{48F8EF13-FD97-49BC-B40E-7B3DAAD2E9FC}.Release|Any CPU.ActiveCfg = Release|Any CPU
		{48F8EF13-FD97-49BC-B40E-7B3DAAD2E9FC}.Release|Any CPU.Build.0 = Release|Any CPU
	EndGlobalSection
	GlobalSection(SolutionProperties) = preSolution
		HideSolutionNode = FALSE
	EndGlobalSection
	GlobalSection(ExtensibilityGlobals) = postSolution
		SolutionGuid = {47F84E3F-2034-46B5-A3F0-11773009B2DF}
	EndGlobalSection
EndGlobal
